
Microsoft Visual Studio Solution File, Format Version 12.00
# Visual Studio Version 16
VisualStudioVersion = 16.0.31702.278
MinimumVisualStudioVersion = 10.0.40219.1
Project("{FAE04EC0-301F-11D3-BF4B-00C04F79EFBC}") = "Automotores", "Automotores.csproj", "{B8F78577-538D-44D5-BBD9-4D9537F17FB3}"
EndProject
Global
	GlobalSection(SolutionConfigurationPlatforms) = preSolution
		Debug|Any CPU = Debug|Any CPU
		Release|Any CPU = Release|Any CPU
	EndGlobalSection
	GlobalSection(ProjectConfigurationPlatforms) = postSolution
		{B8F78577-538D-44D5-BBD9-4D9537F17FB3}.Debug|Any CPU.ActiveCfg = Debug|Any CPU
		{B8F78577-538D-44D5-BBD9-4D9537F17FB3}.Debug|Any CPU.Build.0 = Debug|Any CPU
		{B8F78577-538D-44D5-BBD9-4D9537F17FB3}.Release|Any CPU.ActiveCfg = Release|Any CPU
		{B8F78577-538D-44D5-BBD9-4D9537F17FB3}.Release|Any CPU.Build.0 = Release|Any CPU
	EndGlobalSection
	GlobalSection(SolutionProperties) = preSolution
		HideSolutionNode = FALSE
	EndGlobalSection
	GlobalSection(ExtensibilityGlobals) = postSolution
		SolutionGuid = {3ADD41EE-37A0-42C8-842B-1DDEDB8D0803}
	EndGlobalSection
EndGlobal
