
Microsoft Visual Studio Solution File, Format Version 12.00
# Visual Studio Version 16
VisualStudioVersion = 16.0.31321.278
MinimumVisualStudioVersion = 10.0.40219.1
Project("{FAE04EC0-301F-11D3-BF4B-00C04F79EFBC}") = "Vete", "Vete.csproj", "{4D565A57-4187-4C1E-9A5C-888665BF503F}"
EndProject
Global
	GlobalSection(SolutionConfigurationPlatforms) = preSolution
		Debug|Any CPU = Debug|Any CPU
		Release|Any CPU = Release|Any CPU
	EndGlobalSection
	GlobalSection(ProjectConfigurationPlatforms) = postSolution
		{4D565A57-4187-4C1E-9A5C-888665BF503F}.Debug|Any CPU.ActiveCfg = Debug|Any CPU
		{4D565A57-4187-4C1E-9A5C-888665BF503F}.Debug|Any CPU.Build.0 = Debug|Any CPU
		{4D565A57-4187-4C1E-9A5C-888665BF503F}.Release|Any CPU.ActiveCfg = Release|Any CPU
		{4D565A57-4187-4C1E-9A5C-888665BF503F}.Release|Any CPU.Build.0 = Release|Any CPU
	EndGlobalSection
	GlobalSection(SolutionProperties) = preSolution
		HideSolutionNode = FALSE
	EndGlobalSection
	GlobalSection(ExtensibilityGlobals) = postSolution
		SolutionGuid = {78E5727B-BC8B-4734-9F03-1C8D07E62AF1}
	EndGlobalSection
EndGlobal
